
Microsoft Visual Studio Solution File, Format Version 12.00
# Visual Studio Version 17
VisualStudioVersion = 17.3.32819.101
MinimumVisualStudioVersion = 10.0.40219.1
Project("{FAE04EC0-301F-11D3-BF4B-00C04F79EFBC}") = "WebApplication1", "WebApplication1.csproj", "{75C12CDB-C649-46A9-93C9-15C8C587E30D}"
EndProject
Global
	GlobalSection(SolutionConfigurationPlatforms) = preSolution
		Debug|Any CPU = Debug|Any CPU
		Release|Any CPU = Release|Any CPU
	EndGlobalSection
	GlobalSection(ProjectConfigurationPlatforms) = postSolution
		{75C12CDB-C649-46A9-93C9-15C8C587E30D}.Debug|Any CPU.ActiveCfg = Debug|Any CPU
		{75C12CDB-C649-46A9-93C9-15C8C587E30D}.Debug|Any CPU.Build.0 = Debug|Any CPU
		{75C12CDB-C649-46A9-93C9-15C8C587E30D}.Release|Any CPU.ActiveCfg = Release|Any CPU
		{75C12CDB-C649-46A9-93C9-15C8C587E30D}.Release|Any CPU.Build.0 = Release|Any CPU
	EndGlobalSection
	GlobalSection(SolutionProperties) = preSolution
		HideSolutionNode = FALSE
	EndGlobalSection
	GlobalSection(ExtensibilityGlobals) = postSolution
		SolutionGuid = {01062320-CECD-466C-94DE-E407B88CF55B}
	EndGlobalSection
EndGlobal
